
Microsoft Visual Studio Solution File, Format Version 12.00
# Visual Studio 14
VisualStudioVersion = 14.0.25420.1
MinimumVisualStudioVersion = 10.0.40219.1
Project("{FAE04EC0-301F-11D3-BF4B-00C04F79EFBC}") = "Blog.UI", "BlogProject\Blog.UI.csproj", "{1238E337-4492-4009-A899-44E44D50917E}"
EndProject
Project("{FAE04EC0-301F-11D3-BF4B-00C04F79EFBC}") = "Blog.BLL", "Blog.BLL\Blog.BLL.csproj", "{72BDA683-D52C-4285-A1BB-E467D785F80A}"
EndProject
Project("{FAE04EC0-301F-11D3-BF4B-00C04F79EFBC}") = "Blog.DAL", "Blog.DAL\Blog.DAL.csproj", "{6FF79AB6-9579-4995-B7A0-25B6B3EF092F}"
EndProject
Project("{FAE04EC0-301F-11D3-BF4B-00C04F79EFBC}") = "Blog.Core", "Blog.Core\Blog.Core.csproj", "{A4BC655F-AE17-43AE-BA58-D1BE1BB55F8C}"
EndProject
Project("{FAE04EC0-301F-11D3-BF4B-00C04F79EFBC}") = "Blog.Repository", "Blog.Repository\Blog.Repository.csproj", "{943889F0-E0C2-47E6-8941-96770AEAD867}"
EndProject
Global
	GlobalSection(SolutionConfigurationPlatforms) = preSolution
		Debug|Any CPU = Debug|Any CPU
		Release|Any CPU = Release|Any CPU
	EndGlobalSection
	GlobalSection(ProjectConfigurationPlatforms) = postSolution
		{1238E337-4492-4009-A899-44E44D50917E}.Debug|Any CPU.ActiveCfg = Debug|Any CPU
		{1238E337-4492-4009-A899-44E44D50917E}.Debug|Any CPU.Build.0 = Debug|Any CPU
		{1238E337-4492-4009-A899-44E44D50917E}.Release|Any CPU.ActiveCfg = Release|Any CPU
		{1238E337-4492-4009-A899-44E44D50917E}.Release|Any CPU.Build.0 = Release|Any CPU
		{72BDA683-D52C-4285-A1BB-E467D785F80A}.Debug|Any CPU.ActiveCfg = Debug|Any CPU
		{72BDA683-D52C-4285-A1BB-E467D785F80A}.Debug|Any CPU.Build.0 = Debug|Any CPU
		{72BDA683-D52C-4285-A1BB-E467D785F80A}.Release|Any CPU.ActiveCfg = Release|Any CPU
		{72BDA683-D52C-4285-A1BB-E467D785F80A}.Release|Any CPU.Build.0 = Release|Any CPU
		{6FF79AB6-9579-4995-B7A0-25B6B3EF092F}.Debug|Any CPU.ActiveCfg = Debug|Any CPU
		{6FF79AB6-9579-4995-B7A0-25B6B3EF092F}.Debug|Any CPU.Build.0 = Debug|Any CPU
		{6FF79AB6-9579-4995-B7A0-25B6B3EF092F}.Release|Any CPU.ActiveCfg = Release|Any CPU
		{6FF79AB6-9579-4995-B7A0-25B6B3EF092F}.Release|Any CPU.Build.0 = Release|Any CPU
		{A4BC655F-AE17-43AE-BA58-D1BE1BB55F8C}.Debug|Any CPU.ActiveCfg = Debug|Any CPU
		{A4BC655F-AE17-43AE-BA58-D1BE1BB55F8C}.Debug|Any CPU.Build.0 = Debug|Any CPU
		{A4BC655F-AE17-43AE-BA58-D1BE1BB55F8C}.Release|Any CPU.ActiveCfg = Release|Any CPU
		{A4BC655F-AE17-43AE-BA58-D1BE1BB55F8C}.Release|Any CPU.Build.0 = Release|Any CPU
		{943889F0-E0C2-47E6-8941-96770AEAD867}.Debug|Any CPU.ActiveCfg = Debug|Any CPU
		{943889F0-E0C2-47E6-8941-96770AEAD867}.Debug|Any CPU.Build.0 = Debug|Any CPU
		{943889F0-E0C2-47E6-8941-96770AEAD867}.Release|Any CPU.ActiveCfg = Release|Any CPU
		{943889F0-E0C2-47E6-8941-96770AEAD867}.Release|Any CPU.Build.0 = Release|Any CPU
	EndGlobalSection
	GlobalSection(SolutionProperties) = preSolution
		HideSolutionNode = FALSE
	EndGlobalSection
EndGlobal
